// !$*UTF8*$!
{
	archiveVersion = 1;
	classes = {
	};
	objectVersion = 56;
	objects = {

/* Begin PBXBuildFile section */
		A61DC43B2B6ECACD002E3663 /* JSONModels.swift in Sources */ = {isa = PBXBuildFile; fileRef = A61DC43A2B6ECACD002E3663 /* JSONModels.swift */; };
		A61DC43D2B6ECF0D002E3663 /* LocalModels.swift in Sources */ = {isa = PBXBuildFile; fileRef = A61DC43C2B6ECF0D002E3663 /* LocalModels.swift */; };
		A6914B882B6F23B000133FD9 /* PrayerTimeStore.swift in Sources */ = {isa = PBXBuildFile; fileRef = A6914B872B6F23B000133FD9 /* PrayerTimeStore.swift */; };
		A6914B8A2B6F320200133FD9 /* Combine.Publisher.swift in Sources */ = {isa = PBXBuildFile; fileRef = A6914B892B6F320200133FD9 /* Combine.Publisher.swift */; };
		A696D40A2B6A5F7A00E7384E /* PrayerTimeApp.swift in Sources */ = {isa = PBXBuildFile; fileRef = A696D4092B6A5F7A00E7384E /* PrayerTimeApp.swift */; };
		A696D40C2B6A5F7A00E7384E /* ContentView.swift in Sources */ = {isa = PBXBuildFile; fileRef = A696D40B2B6A5F7A00E7384E /* ContentView.swift */; };
		A696D40E2B6A5F7B00E7384E /* Assets.xcassets in Resources */ = {isa = PBXBuildFile; fileRef = A696D40D2B6A5F7B00E7384E /* Assets.xcassets */; };
		A696D4122B6A5F7B00E7384E /* Preview Assets.xcassets in Resources */ = {isa = PBXBuildFile; fileRef = A696D4112B6A5F7B00E7384E /* Preview Assets.xcassets */; };
		A696D41C2B6A5F7B00E7384E /* PrayerTimeTests.swift in Sources */ = {isa = PBXBuildFile; fileRef = A696D41B2B6A5F7B00E7384E /* PrayerTimeTests.swift */; };
		A696D4262B6A5F7B00E7384E /* PrayerTimeUITests.swift in Sources */ = {isa = PBXBuildFile; fileRef = A696D4252B6A5F7B00E7384E /* PrayerTimeUITests.swift */; };
		A696D4282B6A5F7B00E7384E /* PrayerTimeUITestsLaunchTests.swift in Sources */ = {isa = PBXBuildFile; fileRef = A696D4272B6A5F7B00E7384E /* PrayerTimeUITestsLaunchTests.swift */; };
		A6EA644E2B70724F00DF0273 /* ContentViewModel.swift in Sources */ = {isa = PBXBuildFile; fileRef = A6EA644D2B70724F00DF0273 /* ContentViewModel.swift */; };
		A6EA64552B7083A100DF0273 /* AppDelegate.swift in Sources */ = {isa = PBXBuildFile; fileRef = A6EA64542B7083A100DF0273 /* AppDelegate.swift */; };
		A6EA645A2B708A6700DF0273 /* WindowSizeModel.swift in Sources */ = {isa = PBXBuildFile; fileRef = A6EA64592B708A6700DF0273 /* WindowSizeModel.swift */; };
/* End PBXBuildFile section */

/* Begin PBXContainerItemProxy section */
		A696D4182B6A5F7B00E7384E /* PBXContainerItemProxy */ = {
			isa = PBXContainerItemProxy;
			containerPortal = A696D3FE2B6A5F7A00E7384E /* Project object */;
			proxyType = 1;
			remoteGlobalIDString = A696D4052B6A5F7A00E7384E;
			remoteInfo = PrayerTime;
		};
		A696D4222B6A5F7B00E7384E /* PBXContainerItemProxy */ = {
			isa = PBXContainerItemProxy;
			containerPortal = A696D3FE2B6A5F7A00E7384E /* Project object */;
			proxyType = 1;
			remoteGlobalIDString = A696D4052B6A5F7A00E7384E;
			remoteInfo = PrayerTime;
		};
/* End PBXContainerItemProxy section */

/* Begin PBXFileReference section */
		A61DC43A2B6ECACD002E3663 /* JSONModels.swift */ = {isa = PBXFileReference; lastKnownFileType = sourcecode.swift; path = JSONModels.swift; sourceTree = "<group>"; };
		A61DC43C2B6ECF0D002E3663 /* LocalModels.swift */ = {isa = PBXFileReference; lastKnownFileType = sourcecode.swift; path = LocalModels.swift; sourceTree = "<group>"; };
		A61DC43E2B6ED3A3002E3663 /* Info.plist */ = {isa = PBXFileReference; lastKnownFileType = text.plist; path = Info.plist; sourceTree = "<group>"; };
		A6914B872B6F23B000133FD9 /* PrayerTimeStore.swift */ = {isa = PBXFileReference; lastKnownFileType = sourcecode.swift; path = PrayerTimeStore.swift; sourceTree = "<group>"; };
		A6914B892B6F320200133FD9 /* Combine.Publisher.swift */ = {isa = PBXFileReference; lastKnownFileType = sourcecode.swift; path = Combine.Publisher.swift; sourceTree = "<group>"; };
		A696D4062B6A5F7A00E7384E /* PrayerTime.app */ = {isa = PBXFileReference; explicitFileType = wrapper.application; includeInIndex = 0; path = PrayerTime.app; sourceTree = BUILT_PRODUCTS_DIR; };
		A696D4092B6A5F7A00E7384E /* PrayerTimeApp.swift */ = {isa = PBXFileReference; lastKnownFileType = sourcecode.swift; path = PrayerTimeApp.swift; sourceTree = "<group>"; };
		A696D40B2B6A5F7A00E7384E /* ContentView.swift */ = {isa = PBXFileReference; lastKnownFileType = sourcecode.swift; path = ContentView.swift; sourceTree = "<group>"; };
		A696D40D2B6A5F7B00E7384E /* Assets.xcassets */ = {isa = PBXFileReference; lastKnownFileType = folder.assetcatalog; path = Assets.xcassets; sourceTree = "<group>"; };
		A696D40F2B6A5F7B00E7384E /* PrayerTime.entitlements */ = {isa = PBXFileReference; lastKnownFileType = text.plist.entitlements; path = PrayerTime.entitlements; sourceTree = "<group>"; };
		A696D4112B6A5F7B00E7384E /* Preview Assets.xcassets */ = {isa = PBXFileReference; lastKnownFileType = folder.assetcatalog; path = "Preview Assets.xcassets"; sourceTree = "<group>"; };
		A696D4172B6A5F7B00E7384E /* PrayerTimeTests.xctest */ = {isa = PBXFileReference; explicitFileType = wrapper.cfbundle; includeInIndex = 0; path = PrayerTimeTests.xctest; sourceTree = BUILT_PRODUCTS_DIR; };
		A696D41B2B6A5F7B00E7384E /* PrayerTimeTests.swift */ = {isa = PBXFileReference; lastKnownFileType = sourcecode.swift; path = PrayerTimeTests.swift; sourceTree = "<group>"; };
		A696D4212B6A5F7B00E7384E /* PrayerTimeUITests.xctest */ = {isa = PBXFileReference; explicitFileType = wrapper.cfbundle; includeInIndex = 0; path = PrayerTimeUITests.xctest; sourceTree = BUILT_PRODUCTS_DIR; };
		A696D4252B6A5F7B00E7384E /* PrayerTimeUITests.swift */ = {isa = PBXFileReference; lastKnownFileType = sourcecode.swift; path = PrayerTimeUITests.swift; sourceTree = "<group>"; };
		A696D4272B6A5F7B00E7384E /* PrayerTimeUITestsLaunchTests.swift */ = {isa = PBXFileReference; lastKnownFileType = sourcecode.swift; path = PrayerTimeUITestsLaunchTests.swift; sourceTree = "<group>"; };
		A6EA644D2B70724F00DF0273 /* ContentViewModel.swift */ = {isa = PBXFileReference; lastKnownFileType = sourcecode.swift; path = ContentViewModel.swift; sourceTree = "<group>"; };
		A6EA64542B7083A100DF0273 /* AppDelegate.swift */ = {isa = PBXFileReference; lastKnownFileType = sourcecode.swift; path = AppDelegate.swift; sourceTree = "<group>"; };
		A6EA64592B708A6700DF0273 /* WindowSizeModel.swift */ = {isa = PBXFileReference; lastKnownFileType = sourcecode.swift; path = WindowSizeModel.swift; sourceTree = "<group>"; };
/* End PBXFileReference section */

/* Begin PBXFrameworksBuildPhase section */
		A696D4032B6A5F7A00E7384E /* Frameworks */ = {
			isa = PBXFrameworksBuildPhase;
			buildActionMask = 2147483647;
			files = (
			);
			runOnlyForDeploymentPostprocessing = 0;
		};
		A696D4142B6A5F7B00E7384E /* Frameworks */ = {
			isa = PBXFrameworksBuildPhase;
			buildActionMask = 2147483647;
			files = (
			);
			runOnlyForDeploymentPostprocessing = 0;
		};
		A696D41E2B6A5F7B00E7384E /* Frameworks */ = {
			isa = PBXFrameworksBuildPhase;
			buildActionMask = 2147483647;
			files = (
			);
			runOnlyForDeploymentPostprocessing = 0;
		};
/* End PBXFrameworksBuildPhase section */

/* Begin PBXGroup section */
		A6914B8B2B6F320700133FD9 /* Extensions */ = {
			isa = PBXGroup;
			children = (
				A6914B892B6F320200133FD9 /* Combine.Publisher.swift */,
			);
			path = Extensions;
			sourceTree = "<group>";
		};
		A6914B8C2B6F321800133FD9 /* Models */ = {
			isa = PBXGroup;
			children = (
				A61DC43A2B6ECACD002E3663 /* JSONModels.swift */,
				A61DC43C2B6ECF0D002E3663 /* LocalModels.swift */,
			);
			path = Models;
			sourceTree = "<group>";
		};
		A696D3FD2B6A5F7A00E7384E = {
			isa = PBXGroup;
			children = (
				A696D4082B6A5F7A00E7384E /* PrayerTime */,
				A696D41A2B6A5F7B00E7384E /* PrayerTimeTests */,
				A696D4242B6A5F7B00E7384E /* PrayerTimeUITests */,
				A696D4072B6A5F7A00E7384E /* Products */,
			);
			sourceTree = "<group>";
		};
		A696D4072B6A5F7A00E7384E /* Products */ = {
			isa = PBXGroup;
			children = (
				A696D4062B6A5F7A00E7384E /* PrayerTime.app */,
				A696D4172B6A5F7B00E7384E /* PrayerTimeTests.xctest */,
				A696D4212B6A5F7B00E7384E /* PrayerTimeUITests.xctest */,
			);
			name = Products;
			sourceTree = "<group>";
		};
		A696D4082B6A5F7A00E7384E /* PrayerTime */ = {
			isa = PBXGroup;
			children = (
				A6EA64542B7083A100DF0273 /* AppDelegate.swift */,
				A696D4092B6A5F7A00E7384E /* PrayerTimeApp.swift */,
				A6914B872B6F23B000133FD9 /* PrayerTimeStore.swift */,
				A6EA64512B70798B00DF0273 /* User Interface */,
				A6914B8C2B6F321800133FD9 /* Models */,
				A6914B8B2B6F320700133FD9 /* Extensions */,
				A61DC43E2B6ED3A3002E3663 /* Info.plist */,
				A696D40D2B6A5F7B00E7384E /* Assets.xcassets */,
				A696D40F2B6A5F7B00E7384E /* PrayerTime.entitlements */,
				A696D4102B6A5F7B00E7384E /* Preview Content */,
			);
			path = PrayerTime;
			sourceTree = "<group>";
		};
		A696D4102B6A5F7B00E7384E /* Preview Content */ = {
			isa = PBXGroup;
			children = (
				A696D4112B6A5F7B00E7384E /* Preview Assets.xcassets */,
			);
			path = "Preview Content";
			sourceTree = "<group>";
		};
		A696D41A2B6A5F7B00E7384E /* PrayerTimeTests */ = {
			isa = PBXGroup;
			children = (
				A696D41B2B6A5F7B00E7384E /* PrayerTimeTests.swift */,
			);
			path = PrayerTimeTests;
			sourceTree = "<group>";
		};
		A696D4242B6A5F7B00E7384E /* PrayerTimeUITests */ = {
			isa = PBXGroup;
			children = (
				A696D4252B6A5F7B00E7384E /* PrayerTimeUITests.swift */,
				A696D4272B6A5F7B00E7384E /* PrayerTimeUITestsLaunchTests.swift */,
			);
			path = PrayerTimeUITests;
			sourceTree = "<group>";
		};
		A6EA64512B70798B00DF0273 /* User Interface */ = {
			isa = PBXGroup;
			children = (
				A696D40B2B6A5F7A00E7384E /* ContentView.swift */,
				A6EA644D2B70724F00DF0273 /* ContentViewModel.swift */,
				A6EA64592B708A6700DF0273 /* WindowSizeModel.swift */,
			);
			path = "User Interface";
			sourceTree = "<group>";
		};
/* End PBXGroup section */

/* Begin PBXNativeTarget section */
		A696D4052B6A5F7A00E7384E /* PrayerTime */ = {
			isa = PBXNativeTarget;
			buildConfigurationList = A696D42B2B6A5F7B00E7384E /* Build configuration list for PBXNativeTarget "PrayerTime" */;
			buildPhases = (
				A696D4022B6A5F7A00E7384E /* Sources */,
				A696D4032B6A5F7A00E7384E /* Frameworks */,
				A696D4042B6A5F7A00E7384E /* Resources */,
			);
			buildRules = (
			);
			dependencies = (
			);
			name = PrayerTime;
			productName = PrayerTime;
			productReference = A696D4062B6A5F7A00E7384E /* PrayerTime.app */;
			productType = "com.apple.product-type.application";
		};
		A696D4162B6A5F7B00E7384E /* PrayerTimeTests */ = {
			isa = PBXNativeTarget;
			buildConfigurationList = A696D42E2B6A5F7B00E7384E /* Build configuration list for PBXNativeTarget "PrayerTimeTests" */;
			buildPhases = (
				A696D4132B6A5F7B00E7384E /* Sources */,
				A696D4142B6A5F7B00E7384E /* Frameworks */,
				A696D4152B6A5F7B00E7384E /* Resources */,
			);
			buildRules = (
			);
			dependencies = (
				A696D4192B6A5F7B00E7384E /* PBXTargetDependency */,
			);
			name = PrayerTimeTests;
			productName = PrayerTimeTests;
			productReference = A696D4172B6A5F7B00E7384E /* PrayerTimeTests.xctest */;
			productType = "com.apple.product-type.bundle.unit-test";
		};
		A696D4202B6A5F7B00E7384E /* PrayerTimeUITests */ = {
			isa = PBXNativeTarget;
			buildConfigurationList = A696D4312B6A5F7B00E7384E /* Build configuration list for PBXNativeTarget "PrayerTimeUITests" */;
			buildPhases = (
				A696D41D2B6A5F7B00E7384E /* Sources */,
				A696D41E2B6A5F7B00E7384E /* Frameworks */,
				A696D41F2B6A5F7B00E7384E /* Resources */,
			);
			buildRules = (
			);
			dependencies = (
				A696D4232B6A5F7B00E7384E /* PBXTargetDependency */,
			);
			name = PrayerTimeUITests;
			productName = PrayerTimeUITests;
			productReference = A696D4212B6A5F7B00E7384E /* PrayerTimeUITests.xctest */;
			productType = "com.apple.product-type.bundle.ui-testing";
		};
/* End PBXNativeTarget section */

/* Begin PBXProject section */
		A696D3FE2B6A5F7A00E7384E /* Project object */ = {
			isa = PBXProject;
			attributes = {
				BuildIndependentTargetsInParallel = 1;
				LastSwiftUpdateCheck = 1510;
				LastUpgradeCheck = 1520;
				TargetAttributes = {
					A696D4052B6A5F7A00E7384E = {
						CreatedOnToolsVersion = 15.1;
					};
					A696D4162B6A5F7B00E7384E = {
						CreatedOnToolsVersion = 15.1;
						TestTargetID = A696D4052B6A5F7A00E7384E;
					};
					A696D4202B6A5F7B00E7384E = {
						CreatedOnToolsVersion = 15.1;
						TestTargetID = A696D4052B6A5F7A00E7384E;
					};
				};
			};
			buildConfigurationList = A696D4012B6A5F7A00E7384E /* Build configuration list for PBXProject "PrayerTime" */;
			compatibilityVersion = "Xcode 14.0";
			developmentRegion = en;
			hasScannedForEncodings = 0;
			knownRegions = (
				en,
				Base,
			);
			mainGroup = A696D3FD2B6A5F7A00E7384E;
			productRefGroup = A696D4072B6A5F7A00E7384E /* Products */;
			projectDirPath = "";
			projectRoot = "";
			targets = (
				A696D4052B6A5F7A00E7384E /* PrayerTime */,
				A696D4162B6A5F7B00E7384E /* PrayerTimeTests */,
				A696D4202B6A5F7B00E7384E /* PrayerTimeUITests */,
			);
		};
/* End PBXProject section */

/* Begin PBXResourcesBuildPhase section */
		A696D4042B6A5F7A00E7384E /* Resources */ = {
			isa = PBXResourcesBuildPhase;
			buildActionMask = 2147483647;
			files = (
				A696D4122B6A5F7B00E7384E /* Preview Assets.xcassets in Resources */,
				A696D40E2B6A5F7B00E7384E /* Assets.xcassets in Resources */,
			);
			runOnlyForDeploymentPostprocessing = 0;
		};
		A696D4152B6A5F7B00E7384E /* Resources */ = {
			isa = PBXResourcesBuildPhase;
			buildActionMask = 2147483647;
			files = (
			);
			runOnlyForDeploymentPostprocessing = 0;
		};
		A696D41F2B6A5F7B00E7384E /* Resources */ = {
			isa = PBXResourcesBuildPhase;
			buildActionMask = 2147483647;
			files = (
			);
			runOnlyForDeploymentPostprocessing = 0;
		};
/* End PBXResourcesBuildPhase section */

/* Begin PBXSourcesBuildPhase section */
		A696D4022B6A5F7A00E7384E /* Sources */ = {
			isa = PBXSourcesBuildPhase;
			buildActionMask = 2147483647;
			files = (
				A6EA64552B7083A100DF0273 /* AppDelegate.swift in Sources */,
				A61DC43B2B6ECACD002E3663 /* JSONModels.swift in Sources */,
				A696D40C2B6A5F7A00E7384E /* ContentView.swift in Sources */,
				A6914B882B6F23B000133FD9 /* PrayerTimeStore.swift in Sources */,
				A6EA644E2B70724F00DF0273 /* ContentViewModel.swift in Sources */,
				A6914B8A2B6F320200133FD9 /* Combine.Publisher.swift in Sources */,
				A6EA645A2B708A6700DF0273 /* WindowSizeModel.swift in Sources */,
				A696D40A2B6A5F7A00E7384E /* PrayerTimeApp.swift in Sources */,
				A61DC43D2B6ECF0D002E3663 /* LocalModels.swift in Sources */,
			);
			runOnlyForDeploymentPostprocessing = 0;
		};
		A696D4132B6A5F7B00E7384E /* Sources */ = {
			isa = PBXSourcesBuildPhase;
			buildActionMask = 2147483647;
			files = (
				A696D41C2B6A5F7B00E7384E /* PrayerTimeTests.swift in Sources */,
			);
			runOnlyForDeploymentPostprocessing = 0;
		};
		A696D41D2B6A5F7B00E7384E /* Sources */ = {
			isa = PBXSourcesBuildPhase;
			buildActionMask = 2147483647;
			files = (
				A696D4282B6A5F7B00E7384E /* PrayerTimeUITestsLaunchTests.swift in Sources */,
				A696D4262B6A5F7B00E7384E /* PrayerTimeUITests.swift in Sources */,
			);
			runOnlyForDeploymentPostprocessing = 0;
		};
/* End PBXSourcesBuildPhase section */

/* Begin PBXTargetDependency section */
		A696D4192B6A5F7B00E7384E /* PBXTargetDependency */ = {
			isa = PBXTargetDependency;
			target = A696D4052B6A5F7A00E7384E /* PrayerTime */;
			targetProxy = A696D4182B6A5F7B00E7384E /* PBXContainerItemProxy */;
		};
		A696D4232B6A5F7B00E7384E /* PBXTargetDependency */ = {
			isa = PBXTargetDependency;
			target = A696D4052B6A5F7A00E7384E /* PrayerTime */;
			targetProxy = A696D4222B6A5F7B00E7384E /* PBXContainerItemProxy */;
		};
/* End PBXTargetDependency section */

/* Begin XCBuildConfiguration section */
		A696D4292B6A5F7B00E7384E /* Debug */ = {
			isa = XCBuildConfiguration;
			buildSettings = {
				ALWAYS_SEARCH_USER_PATHS = NO;
				ASSETCATALOG_COMPILER_GENERATE_SWIFT_ASSET_SYMBOL_EXTENSIONS = YES;
				CLANG_ANALYZER_NONNULL = YES;
				CLANG_ANALYZER_NUMBER_OBJECT_CONVERSION = YES_AGGRESSIVE;
				CLANG_CXX_LANGUAGE_STANDARD = "gnu++20";
				CLANG_ENABLE_MODULES = YES;
				CLANG_ENABLE_OBJC_ARC = YES;
				CLANG_ENABLE_OBJC_WEAK = YES;
				CLANG_WARN_BLOCK_CAPTURE_AUTORELEASING = YES;
				CLANG_WARN_BOOL_CONVERSION = YES;
				CLANG_WARN_COMMA = YES;
				CLANG_WARN_CONSTANT_CONVERSION = YES;
				CLANG_WARN_DEPRECATED_OBJC_IMPLEMENTATIONS = YES;
				CLANG_WARN_DIRECT_OBJC_ISA_USAGE = YES_ERROR;
				CLANG_WARN_DOCUMENTATION_COMMENTS = YES;
				CLANG_WARN_EMPTY_BODY = YES;
				CLANG_WARN_ENUM_CONVERSION = YES;
				CLANG_WARN_INFINITE_RECURSION = YES;
				CLANG_WARN_INT_CONVERSION = YES;
				CLANG_WARN_NON_LITERAL_NULL_CONVERSION = YES;
				CLANG_WARN_OBJC_IMPLICIT_RETAIN_SELF = YES;
				CLANG_WARN_OBJC_LITERAL_CONVERSION = YES;
				CLANG_WARN_OBJC_ROOT_CLASS = YES_ERROR;
				CLANG_WARN_QUOTED_INCLUDE_IN_FRAMEWORK_HEADER = YES;
				CLANG_WARN_RANGE_LOOP_ANALYSIS = YES;
				CLANG_WARN_STRICT_PROTOTYPES = YES;
				CLANG_WARN_SUSPICIOUS_MOVE = YES;
				CLANG_WARN_UNGUARDED_AVAILABILITY = YES_AGGRESSIVE;
				CLANG_WARN_UNREACHABLE_CODE = YES;
				CLANG_WARN__DUPLICATE_METHOD_MATCH = YES;
				COPY_PHASE_STRIP = NO;
				DEAD_CODE_STRIPPING = YES;
				DEBUG_INFORMATION_FORMAT = dwarf;
				ENABLE_STRICT_OBJC_MSGSEND = YES;
				ENABLE_TESTABILITY = YES;
				ENABLE_USER_SCRIPT_SANDBOXING = YES;
				GCC_C_LANGUAGE_STANDARD = gnu17;
				GCC_DYNAMIC_NO_PIC = NO;
				GCC_NO_COMMON_BLOCKS = YES;
				GCC_OPTIMIZATION_LEVEL = 0;
				GCC_PREPROCESSOR_DEFINITIONS = (
					"DEBUG=1",
					"$(inherited)",
				);
				GCC_WARN_64_TO_32_BIT_CONVERSION = YES;
				GCC_WARN_ABOUT_RETURN_TYPE = YES_ERROR;
				GCC_WARN_UNDECLARED_SELECTOR = YES;
				GCC_WARN_UNINITIALIZED_AUTOS = YES_AGGRESSIVE;
				GCC_WARN_UNUSED_FUNCTION = YES;
				GCC_WARN_UNUSED_VARIABLE = YES;
				LOCALIZATION_PREFERS_STRING_CATALOGS = YES;
				MTL_ENABLE_DEBUG_INFO = INCLUDE_SOURCE;
				MTL_FAST_MATH = YES;
				ONLY_ACTIVE_ARCH = YES;
				SWIFT_ACTIVE_COMPILATION_CONDITIONS = "DEBUG $(inherited)";
				SWIFT_OPTIMIZATION_LEVEL = "-Onone";
			};
			name = Debug;
		};
		A696D42A2B6A5F7B00E7384E /* Release */ = {
			isa = XCBuildConfiguration;
			buildSettings = {
				ALWAYS_SEARCH_USER_PATHS = NO;
				ASSETCATALOG_COMPILER_GENERATE_SWIFT_ASSET_SYMBOL_EXTENSIONS = YES;
				CLANG_ANALYZER_NONNULL = YES;
				CLANG_ANALYZER_NUMBER_OBJECT_CONVERSION = YES_AGGRESSIVE;
				CLANG_CXX_LANGUAGE_STANDARD = "gnu++20";
				CLANG_ENABLE_MODULES = YES;
				CLANG_ENABLE_OBJC_ARC = YES;
				CLANG_ENABLE_OBJC_WEAK = YES;
				CLANG_WARN_BLOCK_CAPTURE_AUTORELEASING = YES;
				CLANG_WARN_BOOL_CONVERSION = YES;
				CLANG_WARN_COMMA = YES;
				CLANG_WARN_CONSTANT_CONVERSION = YES;
				CLANG_WARN_DEPRECATED_OBJC_IMPLEMENTATIONS = YES;
				CLANG_WARN_DIRECT_OBJC_ISA_USAGE = YES_ERROR;
				CLANG_WARN_DOCUMENTATION_COMMENTS = YES;
				CLANG_WARN_EMPTY_BODY = YES;
				CLANG_WARN_ENUM_CONVERSION = YES;
				CLANG_WARN_INFINITE_RECURSION = YES;
				CLANG_WARN_INT_CONVERSION = YES;
				CLANG_WARN_NON_LITERAL_NULL_CONVERSION = YES;
				CLANG_WARN_OBJC_IMPLICIT_RETAIN_SELF = YES;
				CLANG_WARN_OBJC_LITERAL_CONVERSION = YES;
				CLANG_WARN_OBJC_ROOT_CLASS = YES_ERROR;
				CLANG_WARN_QUOTED_INCLUDE_IN_FRAMEWORK_HEADER = YES;
				CLANG_WARN_RANGE_LOOP_ANALYSIS = YES;
				CLANG_WARN_STRICT_PROTOTYPES = YES;
				CLANG_WARN_SUSPICIOUS_MOVE = YES;
				CLANG_WARN_UNGUARDED_AVAILABILITY = YES_AGGRESSIVE;
				CLANG_WARN_UNREACHABLE_CODE = YES;
				CLANG_WARN__DUPLICATE_METHOD_MATCH = YES;
				COPY_PHASE_STRIP = NO;
				DEAD_CODE_STRIPPING = YES;
				DEBUG_INFORMATION_FORMAT = "dwarf-with-dsym";
				ENABLE_NS_ASSERTIONS = NO;
				ENABLE_STRICT_OBJC_MSGSEND = YES;
				ENABLE_USER_SCRIPT_SANDBOXING = YES;
				GCC_C_LANGUAGE_STANDARD = gnu17;
				GCC_NO_COMMON_BLOCKS = YES;
				GCC_WARN_64_TO_32_BIT_CONVERSION = YES;
				GCC_WARN_ABOUT_RETURN_TYPE = YES_ERROR;
				GCC_WARN_UNDECLARED_SELECTOR = YES;
				GCC_WARN_UNINITIALIZED_AUTOS = YES_AGGRESSIVE;
				GCC_WARN_UNUSED_FUNCTION = YES;
				GCC_WARN_UNUSED_VARIABLE = YES;
				LOCALIZATION_PREFERS_STRING_CATALOGS = YES;
				MTL_ENABLE_DEBUG_INFO = NO;
				MTL_FAST_MATH = YES;
				SWIFT_COMPILATION_MODE = wholemodule;
			};
			name = Release;
		};
		A696D42C2B6A5F7B00E7384E /* Debug */ = {
			isa = XCBuildConfiguration;
			buildSettings = {
				ASSETCATALOG_COMPILER_APPICON_NAME = AppIcon;
				ASSETCATALOG_COMPILER_GLOBAL_ACCENT_COLOR_NAME = AccentColor;
				ASSETCATALOG_COMPILER_INCLUDE_ALL_APPICON_ASSETS = YES;
				CODE_SIGN_ENTITLEMENTS = PrayerTime/PrayerTime.entitlements;
				CODE_SIGN_STYLE = Automatic;
				CURRENT_PROJECT_VERSION = 1;
				DEAD_CODE_STRIPPING = YES;
				DEVELOPMENT_ASSET_PATHS = "\"PrayerTime/Preview Content\"";
				DEVELOPMENT_TEAM = VMY8R4T742;
				ENABLE_HARDENED_RUNTIME = YES;
				ENABLE_PREVIEWS = YES;
				GENERATE_INFOPLIST_FILE = YES;
				INFOPLIST_FILE = PrayerTime/Info.plist;
				INFOPLIST_KEY_CFBundleDisplayName = PrayerTime;
				"INFOPLIST_KEY_UIApplicationSceneManifest_Generation[sdk=iphoneos*]" = YES;
				"INFOPLIST_KEY_UIApplicationSceneManifest_Generation[sdk=iphonesimulator*]" = YES;
				"INFOPLIST_KEY_UIApplicationSupportsIndirectInputEvents[sdk=iphoneos*]" = YES;
				"INFOPLIST_KEY_UIApplicationSupportsIndirectInputEvents[sdk=iphonesimulator*]" = YES;
				"INFOPLIST_KEY_UILaunchScreen_Generation[sdk=iphoneos*]" = YES;
				"INFOPLIST_KEY_UILaunchScreen_Generation[sdk=iphonesimulator*]" = YES;
				"INFOPLIST_KEY_UIStatusBarStyle[sdk=iphoneos*]" = UIStatusBarStyleDefault;
				"INFOPLIST_KEY_UIStatusBarStyle[sdk=iphonesimulator*]" = UIStatusBarStyleDefault;
				INFOPLIST_KEY_UISupportedInterfaceOrientations_iPad = "UIInterfaceOrientationPortrait UIInterfaceOrientationPortraitUpsideDown UIInterfaceOrientationLandscapeLeft UIInterfaceOrientationLandscapeRight";
				INFOPLIST_KEY_UISupportedInterfaceOrientations_iPhone = "UIInterfaceOrientationPortrait UIInterfaceOrientationLandscapeLeft UIInterfaceOrientationLandscapeRight";
				IPHONEOS_DEPLOYMENT_TARGET = 17.2;
				LD_RUNPATH_SEARCH_PATHS = "@executable_path/Frameworks";
				"LD_RUNPATH_SEARCH_PATHS[sdk=macosx*]" = "@executable_path/../Frameworks";
				MACOSX_DEPLOYMENT_TARGET = 14.2;
				MARKETING_VERSION = 1.0;
				PRODUCT_BUNDLE_IDENTIFIER = io.mikey.PrayerTime;
				PRODUCT_NAME = "$(TARGET_NAME)";
				SDKROOT = auto;
				SUPPORTED_PLATFORMS = "iphoneos iphonesimulator macosx";
				SWIFT_EMIT_LOC_STRINGS = YES;
				SWIFT_VERSION = 5.0;
				TARGETED_DEVICE_FAMILY = "1,2";
			};
			name = Debug;
		};
		A696D42D2B6A5F7B00E7384E /* Release */ = {
			isa = XCBuildConfiguration;
			buildSettings = {
				ASSETCATALOG_COMPILER_APPICON_NAME = AppIcon;
				ASSETCATALOG_COMPILER_GLOBAL_ACCENT_COLOR_NAME = AccentColor;
				ASSETCATALOG_COMPILER_INCLUDE_ALL_APPICON_ASSETS = YES;
				CODE_SIGN_ENTITLEMENTS = PrayerTime/PrayerTime.entitlements;
				CODE_SIGN_STYLE = Automatic;
				CURRENT_PROJECT_VERSION = 1;
				DEAD_CODE_STRIPPING = YES;
				DEVELOPMENT_ASSET_PATHS = "\"PrayerTime/Preview Content\"";
				DEVELOPMENT_TEAM = VMY8R4T742;
				ENABLE_HARDENED_RUNTIME = YES;
				ENABLE_PREVIEWS = YES;
				GENERATE_INFOPLIST_FILE = YES;
				INFOPLIST_FILE = PrayerTime/Info.plist;
				INFOPLIST_KEY_CFBundleDisplayName = PrayerTime;
				"INFOPLIST_KEY_UIApplicationSceneManifest_Generation[sdk=iphoneos*]" = YES;
				"INFOPLIST_KEY_UIApplicationSceneManifest_Generation[sdk=iphonesimulator*]" = YES;
				"INFOPLIST_KEY_UIApplicationSupportsIndirectInputEvents[sdk=iphoneos*]" = YES;
				"INFOPLIST_KEY_UIApplicationSupportsIndirectInputEvents[sdk=iphonesimulator*]" = YES;
				"INFOPLIST_KEY_UILaunchScreen_Generation[sdk=iphoneos*]" = YES;
				"INFOPLIST_KEY_UILaunchScreen_Generation[sdk=iphonesimulator*]" = YES;
				"INFOPLIST_KEY_UIStatusBarStyle[sdk=iphoneos*]" = UIStatusBarStyleDefault;
				"INFOPLIST_KEY_UIStatusBarStyle[sdk=iphonesimulator*]" = UIStatusBarStyleDefault;
				INFOPLIST_KEY_UISupportedInterfaceOrientations_iPad = "UIInterfaceOrientationPortrait UIInterfaceOrientationPortraitUpsideDown UIInterfaceOrientationLandscapeLeft UIInterfaceOrientationLandscapeRight";
				INFOPLIST_KEY_UISupportedInterfaceOrientations_iPhone = "UIInterfaceOrientationPortrait UIInterfaceOrientationLandscapeLeft UIInterfaceOrientationLandscapeRight";
				IPHONEOS_DEPLOYMENT_TARGET = 17.2;
				LD_RUNPATH_SEARCH_PATHS = "@executable_path/Frameworks";
				"LD_RUNPATH_SEARCH_PATHS[sdk=macosx*]" = "@executable_path/../Frameworks";
				MACOSX_DEPLOYMENT_TARGET = 14.2;
				MARKETING_VERSION = 1.0;
				PRODUCT_BUNDLE_IDENTIFIER = io.mikey.PrayerTime;
				PRODUCT_NAME = "$(TARGET_NAME)";
				SDKROOT = auto;
				SUPPORTED_PLATFORMS = "iphoneos iphonesimulator macosx";
				SWIFT_EMIT_LOC_STRINGS = YES;
				SWIFT_VERSION = 5.0;
				TARGETED_DEVICE_FAMILY = "1,2";
			};
			name = Release;
		};
		A696D42F2B6A5F7B00E7384E /* Debug */ = {
			isa = XCBuildConfiguration;
			buildSettings = {
				ALWAYS_EMBED_SWIFT_STANDARD_LIBRARIES = YES;
				BUNDLE_LOADER = "$(TEST_HOST)";
				CODE_SIGN_STYLE = Automatic;
				CURRENT_PROJECT_VERSION = 1;
				DEAD_CODE_STRIPPING = YES;
				DEVELOPMENT_TEAM = VMY8R4T742;
				GENERATE_INFOPLIST_FILE = YES;
				IPHONEOS_DEPLOYMENT_TARGET = 17.2;
				MACOSX_DEPLOYMENT_TARGET = 14.2;
				MARKETING_VERSION = 1.0;
				PRODUCT_BUNDLE_IDENTIFIER = io.mikey.PrayerTimeTests;
				PRODUCT_NAME = "$(TARGET_NAME)";
				SDKROOT = auto;
				SUPPORTED_PLATFORMS = "iphoneos iphonesimulator macosx";
				SWIFT_EMIT_LOC_STRINGS = NO;
				SWIFT_VERSION = 5.0;
				TARGETED_DEVICE_FAMILY = "1,2";
				TEST_HOST = "$(BUILT_PRODUCTS_DIR)/PrayerTime.app/$(BUNDLE_EXECUTABLE_FOLDER_PATH)/PrayerTime";
			};
			name = Debug;
		};
		A696D4302B6A5F7B00E7384E /* Release */ = {
			isa = XCBuildConfiguration;
			buildSettings = {
				ALWAYS_EMBED_SWIFT_STANDARD_LIBRARIES = YES;
				BUNDLE_LOADER = "$(TEST_HOST)";
				CODE_SIGN_STYLE = Automatic;
				CURRENT_PROJECT_VERSION = 1;
				DEAD_CODE_STRIPPING = YES;
				DEVELOPMENT_TEAM = VMY8R4T742;
				GENERATE_INFOPLIST_FILE = YES;
				IPHONEOS_DEPLOYMENT_TARGET = 17.2;
				MACOSX_DEPLOYMENT_TARGET = 14.2;
				MARKETING_VERSION = 1.0;
				PRODUCT_BUNDLE_IDENTIFIER = io.mikey.PrayerTimeTests;
				PRODUCT_NAME = "$(TARGET_NAME)";
				SDKROOT = auto;
				SUPPORTED_PLATFORMS = "iphoneos iphonesimulator macosx";
				SWIFT_EMIT_LOC_STRINGS = NO;
				SWIFT_VERSION = 5.0;
				TARGETED_DEVICE_FAMILY = "1,2";
				TEST_HOST = "$(BUILT_PRODUCTS_DIR)/PrayerTime.app/$(BUNDLE_EXECUTABLE_FOLDER_PATH)/PrayerTime";
			};
			name = Release;
		};
		A696D4322B6A5F7B00E7384E /* Debug */ = {
			isa = XCBuildConfiguration;
			buildSettings = {
				ALWAYS_EMBED_SWIFT_STANDARD_LIBRARIES = YES;
				CODE_SIGN_STYLE = Automatic;
				CURRENT_PROJECT_VERSION = 1;
				DEAD_CODE_STRIPPING = YES;
				DEVELOPMENT_TEAM = VMY8R4T742;
				GENERATE_INFOPLIST_FILE = YES;
				IPHONEOS_DEPLOYMENT_TARGET = 17.2;
				MACOSX_DEPLOYMENT_TARGET = 14.2;
				MARKETING_VERSION = 1.0;
				PRODUCT_BUNDLE_IDENTIFIER = io.mikey.PrayerTimeUITests;
				PRODUCT_NAME = "$(TARGET_NAME)";
				SDKROOT = auto;
				SUPPORTED_PLATFORMS = "iphoneos iphonesimulator macosx";
				SWIFT_EMIT_LOC_STRINGS = NO;
				SWIFT_VERSION = 5.0;
				TARGETED_DEVICE_FAMILY = "1,2";
				TEST_TARGET_NAME = PrayerTime;
			};
			name = Debug;
		};
		A696D4332B6A5F7B00E7384E /* Release */ = {
			isa = XCBuildConfiguration;
			buildSettings = {
				ALWAYS_EMBED_SWIFT_STANDARD_LIBRARIES = YES;
				CODE_SIGN_STYLE = Automatic;
				CURRENT_PROJECT_VERSION = 1;
				DEAD_CODE_STRIPPING = YES;
				DEVELOPMENT_TEAM = VMY8R4T742;
				GENERATE_INFOPLIST_FILE = YES;
				IPHONEOS_DEPLOYMENT_TARGET = 17.2;
				MACOSX_DEPLOYMENT_TARGET = 14.2;
				MARKETING_VERSION = 1.0;
				PRODUCT_BUNDLE_IDENTIFIER = io.mikey.PrayerTimeUITests;
				PRODUCT_NAME = "$(TARGET_NAME)";
				SDKROOT = auto;
				SUPPORTED_PLATFORMS = "iphoneos iphonesimulator macosx";
				SWIFT_EMIT_LOC_STRINGS = NO;
				SWIFT_VERSION = 5.0;
				TARGETED_DEVICE_FAMILY = "1,2";
				TEST_TARGET_NAME = PrayerTime;
			};
			name = Release;
		};
/* End XCBuildConfiguration section */

/* Begin XCConfigurationList section */
		A696D4012B6A5F7A00E7384E /* Build configuration list for PBXProject "PrayerTime" */ = {
			isa = XCConfigurationList;
			buildConfigurations = (
				A696D4292B6A5F7B00E7384E /* Debug */,
				A696D42A2B6A5F7B00E7384E /* Release */,
			);
			defaultConfigurationIsVisible = 0;
			defaultConfigurationName = Release;
		};
		A696D42B2B6A5F7B00E7384E /* Build configuration list for PBXNativeTarget "PrayerTime" */ = {
			isa = XCConfigurationList;
			buildConfigurations = (
				A696D42C2B6A5F7B00E7384E /* Debug */,
				A696D42D2B6A5F7B00E7384E /* Release */,
			);
			defaultConfigurationIsVisible = 0;
			defaultConfigurationName = Release;
		};
		A696D42E2B6A5F7B00E7384E /* Build configuration list for PBXNativeTarget "PrayerTimeTests" */ = {
			isa = XCConfigurationList;
			buildConfigurations = (
				A696D42F2B6A5F7B00E7384E /* Debug */,
				A696D4302B6A5F7B00E7384E /* Release */,
			);
			defaultConfigurationIsVisible = 0;
			defaultConfigurationName = Release;
		};
		A696D4312B6A5F7B00E7384E /* Build configuration list for PBXNativeTarget "PrayerTimeUITests" */ = {
			isa = XCConfigurationList;
			buildConfigurations = (
				A696D4322B6A5F7B00E7384E /* Debug */,
				A696D4332B6A5F7B00E7384E /* Release */,
			);
			defaultConfigurationIsVisible = 0;
			defaultConfigurationName = Release;
		};
/* End XCConfigurationList section */
	};
	rootObject = A696D3FE2B6A5F7A00E7384E /* Project object */;
}
